
Microsoft Visual Studio Solution File, Format Version 12.00
# Visual Studio Version 16
VisualStudioVersion = 16.0.31613.86
MinimumVisualStudioVersion = 10.0.40219.1
Project("{FAE04EC0-301F-11D3-BF4B-00C04F79EFBC}") = "WhitespaceCleaner", "WhitespaceCleaner.csproj", "{1145B1DF-3CF5-4027-B07E-AF161DC9D228}"
EndProject
Global
	GlobalSection(SolutionConfigurationPlatforms) = preSolution
		Debug|Any CPU = Debug|Any CPU
		Release|Any CPU = Release|Any CPU
	EndGlobalSection
	GlobalSection(ProjectConfigurationPlatforms) = postSolution
		{1145B1DF-3CF5-4027-B07E-AF161DC9D228}.Debug|Any CPU.ActiveCfg = Debug|Any CPU
		{1145B1DF-3CF5-4027-B07E-AF161DC9D228}.Debug|Any CPU.Build.0 = Debug|Any CPU
		{1145B1DF-3CF5-4027-B07E-AF161DC9D228}.Release|Any CPU.ActiveCfg = Release|Any CPU
		{1145B1DF-3CF5-4027-B07E-AF161DC9D228}.Release|Any CPU.Build.0 = Release|Any CPU
	EndGlobalSection
	GlobalSection(SolutionProperties) = preSolution
		HideSolutionNode = FALSE
	EndGlobalSection
	GlobalSection(ExtensibilityGlobals) = postSolution
		SolutionGuid = {6538DF17-309A-4E2F-B8B3-B722C12EE3DF}
	EndGlobalSection
EndGlobal
